<?xml version="1.0" encoding="utf-8"?>
<Project ToolsVersion="4.0" xmlns="http://schemas.microsoft.com/developer/msbuild/2003">
  <ItemGroup>
    <ClCompile Include="AsyncDrawBuffer.cpp" />
    <ClCompile Include="BH.cpp" />
    <ClCompile Include="BitReader.cpp" />
    <ClCompile Include="Common.cpp" />
    <ClCompile Include="Config.cpp" />
    <ClCompile Include="D2Handlers.cpp" />
    <ClCompile Include="D2Helpers.cpp" />
    <ClCompile Include="D2Intercepts.cpp" />
    <ClCompile Include="D2Stubs.cpp" />
    <ClCompile Include="D2Version.cpp" />
    <ClCompile Include="DllMain.cpp" />
    <ClCompile Include="JSONObject.cpp" />
    <ClCompile Include="MPQInit.cpp" />
    <ClCompile Include="MPQReader.cpp" />
    <ClCompile Include="Mustache.cpp" />
    <ClCompile Include="Patch.cpp" />
    <ClCompile Include="TableReader.cpp" />
    <ClCompile Include="Task.cpp" />
    <ClCompile Include="Drawing\Advanced\Checkhook\Checkhook.cpp">
      <Filter>Drawing\Advanced\Checkhook</Filter>
    </ClCompile>
    <ClCompile Include="Drawing\Advanced\Colorhook\Colorhook.cpp">
      <Filter>Drawing\Advanced\Colorhook</Filter>
    </ClCompile>
    <ClCompile Include="Drawing\Advanced\Combohook\Combohook.cpp">
      <Filter>Drawing\Advanced\Combohook</Filter>
    </ClCompile>
    <ClCompile Include="Drawing\Advanced\Inputhook\Inputhook.cpp">
      <Filter>Drawing\Advanced\Inputhook</Filter>
    </ClCompile>
    <ClCompile Include="Drawing\Advanced\Keyhook\Keyhook.cpp">
      <Filter>Drawing\Advanced\Keyhook</Filter>
    </ClCompile>
    <ClCompile Include="Drawing\Basic\Boxhook\Boxhook.cpp">
      <Filter>Drawing\Basic\Boxhook</Filter>
    </ClCompile>
    <ClCompile Include="Drawing\Basic\Crosshook\Crosshook.cpp">
      <Filter>Drawing\Basic\Crosshook</Filter>
    </ClCompile>
    <ClCompile Include="Drawing\Basic\Framehook\Framehook.cpp">
      <Filter>Drawing\Basic\Framehook</Filter>
    </ClCompile>
    <ClCompile Include="Drawing\Basic\Linehook\Linehook.cpp">
      <Filter>Drawing\Basic\Linehook</Filter>
    </ClCompile>
    <ClCompile Include="Drawing\Basic\Texthook\Texthook.cpp">
      <Filter>Drawing\Basic\Texthook</Filter>
    </ClCompile>
    <ClCompile Include="Drawing\Hook.cpp">
      <Filter>Drawing</Filter>
    </ClCompile>
    <ClCompile Include="Drawing\Stats\StatsDisplay.cpp">
      <Filter>Drawing\Stats</Filter>
    </ClCompile>
    <ClCompile Include="Drawing\UI\UI.cpp">
      <Filter>Drawing\UI</Filter>
    </ClCompile>
    <ClCompile Include="Drawing\UI\UITab.cpp">
      <Filter>Drawing\UI</Filter>
    </ClCompile>
    <ClCompile Include="Modules\AutoTele\AutoTele.cpp">
      <Filter>Modules\AutoTele</Filter>
    </ClCompile>
    <ClCompile Include="Modules\Bnet\Bnet.cpp">
      <Filter>Modules\Bnet</Filter>
    </ClCompile>
    <ClCompile Include="Modules\ChatColor\ChatColor.cpp">
      <Filter>Modules\ChatColor</Filter>
    </ClCompile>
    <ClCompile Include="Modules\Gamefilter\Gamefilter.cpp">
      <Filter>Modules\Gamefilter</Filter>
    </ClCompile>
    <ClCompile Include="Modules\Item\Item.cpp">
      <Filter>Modules\Item</Filter>
    </ClCompile>
    <ClCompile Include="Modules\Item\ItemDisplay.cpp">
      <Filter>Modules\Item</Filter>
    </ClCompile>
    <ClCompile Include="Modules\ItemMover\ItemMover.cpp">
      <Filter>Modules\ItemMover</Filter>
    </ClCompile>
    <ClCompile Include="Modules\Maphack\Maphack.cpp">
      <Filter>Modules\Maphack</Filter>
    </ClCompile>
    <ClCompile Include="Modules\Party\Party.cpp">
      <Filter>Modules\Party</Filter>
    </ClCompile>
    <ClCompile Include="Modules\ScreenInfo\ScreenInfo.cpp">
      <Filter>Modules\ScreenInfo</Filter>
    </ClCompile>
    <ClCompile Include="Modules\StashExport\StashExport.cpp">
      <Filter>Modules\StashExport</Filter>
    </ClCompile>
    <ClCompile Include="Modules\Module.cpp">
      <Filter>Modules</Filter>
    </ClCompile>
    <ClCompile Include="Modules\ModuleManager.cpp">
      <Filter>Modules</Filter>
    </ClCompile>
    <ClCompile Include="Modules\RoomInfo\RoomInfo.cpp">
      <Filter>Modules\RoomInfo</Filter>
    </ClCompile>
  </ItemGroup>
  <ItemGroup>
    <ClInclude Include="AsyncDrawBuffer.h" />
    <ClInclude Include="BH.h" />
    <ClInclude Include="BitReader.h" />
    <ClInclude Include="Common.h" />
    <ClInclude Include="CommonStructs.h" />
    <ClInclude Include="Config.h" />
    <ClInclude Include="Constants.h" />
    <ClInclude Include="D2DataTables.h" />
    <ClInclude Include="D2Handlers.h" />
    <ClInclude Include="D2Helpers.h" />
    <ClInclude Include="D2Intercepts.h" />
    <ClInclude Include="D2Ptrs.h" />
    <ClInclude Include="D2Strings.h" />
    <ClInclude Include="D2Structs.h" />
    <ClInclude Include="D2Stubs.h" />
    <ClInclude Include="D2Version.h" />
    <ClInclude Include="Drawing.h" />
    <ClInclude Include="JSONObject.h" />
    <ClInclude Include="Modules.h" />
    <ClInclude Include="MPQInit.h" />
    <ClInclude Include="MPQReader.h" />
    <ClInclude Include="Mustache.h" />
    <ClInclude Include="Patch.h" />
    <ClInclude Include="TableReader.h" />
    <ClInclude Include="Task.h" />
    <ClInclude Include="Drawing\Advanced\Checkhook\Checkhook.h">
      <Filter>Drawing\Advanced\Checkhook</Filter>
    </ClInclude>
    <ClInclude Include="Drawing\Advanced\Colorhook\Colorhook.h">
      <Filter>Drawing\Advanced\Colorhook</Filter>
    </ClInclude>
    <ClInclude Include="Drawing\Advanced\Combohook\Combohook.h">
      <Filter>Drawing\Advanced\Combohook</Filter>
    </ClInclude>
    <ClInclude Include="Drawing\Advanced\Inputhook\Inputhook.h">
      <Filter>Drawing\Advanced\Inputhook</Filter>
    </ClInclude>
    <ClInclude Include="Drawing\Advanced\Keyhook\Keyhook.h">
      <Filter>Drawing\Advanced\Keyhook</Filter>
    </ClInclude>
    <ClInclude Include="Drawing\Basic\Boxhook\Boxhook.h">
      <Filter>Drawing\Basic\Boxhook</Filter>
    </ClInclude>
    <ClInclude Include="Drawing\Basic\Crosshook\Crosshook.h">
      <Filter>Drawing\Basic\Crosshook</Filter>
    </ClInclude>
    <ClInclude Include="Drawing\Basic\Framehook\Framehook.h">
      <Filter>Drawing\Basic\Framehook</Filter>
    </ClInclude>
    <ClInclude Include="Drawing\Basic\Linehook\Linehook.h">
      <Filter>Drawing\Basic\Linehook</Filter>
    </ClInclude>
    <ClInclude Include="Drawing\Basic\Texthook\Texthook.h">
      <Filter>Drawing\Basic\Texthook</Filter>
    </ClInclude>
    <ClInclude Include="Drawing\Hook.h">
      <Filter>Drawing</Filter>
    </ClInclude>
    <ClInclude Include="Drawing\Stats\StatsDisplay.h">
      <Filter>Drawing\Stats</Filter>
    </ClInclude>
    <ClInclude Include="Drawing\UI\UI.h">
      <Filter>Drawing\UI</Filter>
    </ClInclude>
    <ClInclude Include="Drawing\UI\UITab.h">
      <Filter>Drawing\UI</Filter>
    </ClInclude>
    <ClInclude Include="Modules\AutoTele\ATIncludes\ArrayEx.h">
      <Filter>Modules\AutoTele\ATIncludes</Filter>
    </ClInclude>
    <ClInclude Include="Modules\AutoTele\ATIncludes\CMapIncludes.h">
      <Filter>Modules\AutoTele\ATIncludes</Filter>
    </ClInclude>
    <ClInclude Include="Modules\AutoTele\ATIncludes\CollisionMap.h">
      <Filter>Modules\AutoTele\ATIncludes</Filter>
    </ClInclude>
    <ClInclude Include="Modules\AutoTele\ATIncludes\Matrix.h">
      <Filter>Modules\AutoTele\ATIncludes</Filter>
    </ClInclude>
    <ClInclude Include="Modules\AutoTele\ATIncludes\SyncObj.h">
      <Filter>Modules\AutoTele\ATIncludes</Filter>
    </ClInclude>
    <ClInclude Include="Modules\AutoTele\ATIncludes\TeleportPath.h">
      <Filter>Modules\AutoTele\ATIncludes</Filter>
    </ClInclude>
    <ClInclude Include="Modules\AutoTele\ATIncludes\Vectors.h">
      <Filter>Modules\AutoTele\ATIncludes</Filter>
    </ClInclude>
    <ClInclude Include="Modules\AutoTele\AutoTele.h">
      <Filter>Modules\AutoTele</Filter>
    </ClInclude>
    <ClInclude Include="Modules\Bnet\Bnet.h">
      <Filter>Modules\Bnet</Filter>
    </ClInclude>
    <ClInclude Include="Modules\ChatColor\ChatColor.h">
      <Filter>Modules\ChatColor</Filter>
    </ClInclude>
    <ClInclude Include="Modules\Gamefilter\Gamefilter.h">
      <Filter>Modules\Gamefilter</Filter>
    </ClInclude>
    <ClInclude Include="Modules\Item\Item.h">
      <Filter>Modules\Item</Filter>
    </ClInclude>
    <ClInclude Include="Modules\Item\ItemDisplay.h">
      <Filter>Modules\Item</Filter>
    </ClInclude>
    <ClInclude Include="Modules\ItemMover\ItemMover.h">
      <Filter>Modules\ItemMover</Filter>
    </ClInclude>
    <ClInclude Include="Modules\Maphack\Maphack.h">
      <Filter>Modules\Maphack</Filter>
    </ClInclude>
    <ClInclude Include="Modules\Party\Party.h">
      <Filter>Modules\Party</Filter>
    </ClInclude>
    <ClInclude Include="Modules\ScreenInfo\ScreenInfo.h">
      <Filter>Modules\ScreenInfo</Filter>
    </ClInclude>
    <ClInclude Include="Modules\StashExport\StashExport.h">
      <Filter>Modules\StashExport</Filter>
    </ClInclude>
    <ClInclude Include="Modules\Module.h">
      <Filter>Modules</Filter>
    </ClInclude>
    <ClInclude Include="Modules\ModuleManager.h">
      <Filter>Modules</Filter>
    </ClInclude>
    <ClInclude Include="Modules\RoomInfo\RoomInfo.h">
      <Filter>Modules\RoomInfo</Filter>
    </ClInclude>
  </ItemGroup>
  <ItemGroup>
    <Filter Include="Drawing">
      <UniqueIdentifier>{6c0c8f71-ffa2-4620-92aa-b9972d9ec86d}</UniqueIdentifier>
    </Filter>
    <Filter Include="Drawing\Advanced">
      <UniqueIdentifier>{c0f12b2e-48ec-4958-a38b-e8d8c24cc430}</UniqueIdentifier>
    </Filter>
    <Filter Include="Drawing\Advanced\Checkhook">
      <UniqueIdentifier>{201c54f8-2108-4314-8ff6-ff148812bab2}</UniqueIdentifier>
    </Filter>
    <Filter Include="Drawing\Advanced\Colorhook">
      <UniqueIdentifier>{f619f3de-4bd6-4993-be7d-7238f0001579}</UniqueIdentifier>
    </Filter>
    <Filter Include="Drawing\Advanced\Combohook">
      <UniqueIdentifier>{de405707-7918-4bb0-b6b0-e2056fb267e3}</UniqueIdentifier>
    </Filter>
    <Filter Include="Drawing\Advanced\Inputhook">
      <UniqueIdentifier>{d632e8fe-3c41-4eaa-9f87-747e4bff129a}</UniqueIdentifier>
    </Filter>
    <Filter Include="Drawing\Advanced\Keyhook">
      <UniqueIdentifier>{5f09b122-a70c-4158-b1bc-974debec93c8}</UniqueIdentifier>
    </Filter>
    <Filter Include="Drawing\Basic">
      <UniqueIdentifier>{1269c9bb-d177-4c0f-85fa-d5fc326bef21}</UniqueIdentifier>
    </Filter>
    <Filter Include="Drawing\Basic\Boxhook">
      <UniqueIdentifier>{771f8ad2-7a75-4880-9a43-77e0b05717b5}</UniqueIdentifier>
    </Filter>
    <Filter Include="Drawing\Basic\Crosshook">
      <UniqueIdentifier>{1f0ca026-eaac-44fc-8ac8-aeb0bef1d27a}</UniqueIdentifier>
    </Filter>
    <Filter Include="Drawing\Basic\Framehook">
      <UniqueIdentifier>{1fe97d79-f603-4322-a07a-326a2abc96d9}</UniqueIdentifier>
    </Filter>
    <Filter Include="Drawing\Basic\Linehook">
      <UniqueIdentifier>{3a018c6e-efb1-4c94-98c4-60d2914e0a1a}</UniqueIdentifier>
    </Filter>
    <Filter Include="Drawing\Basic\Texthook">
      <UniqueIdentifier>{941c1983-6d7c-43ae-b40d-4cac90b73cc8}</UniqueIdentifier>
    </Filter>
    <Filter Include="Drawing\Stats">
      <UniqueIdentifier>{7d68c9f9-310a-4cbf-a85c-56c3f34a2502}</UniqueIdentifier>
    </Filter>
    <Filter Include="Drawing\UI">
      <UniqueIdentifier>{1a957381-1971-49a0-9d78-8aa1c78087e2}</UniqueIdentifier>
    </Filter>
    <Filter Include="Modules">
      <UniqueIdentifier>{a3787786-e106-4a46-8c69-43b539233402}</UniqueIdentifier>
    </Filter>
    <Filter Include="Modules\AutoTele">
      <UniqueIdentifier>{b1ab1acc-5089-44b6-a816-0398e773808f}</UniqueIdentifier>
    </Filter>
    <Filter Include="Modules\AutoTele\ATIncludes">
      <UniqueIdentifier>{75c9dd0d-d6ec-4991-aac8-f1c74417ad9a}</UniqueIdentifier>
    </Filter>
    <Filter Include="Modules\Bnet">
      <UniqueIdentifier>{7c4d5354-9b69-4d4a-a004-8e5dd7495a37}</UniqueIdentifier>
    </Filter>
    <Filter Include="Modules\ChatColor">
      <UniqueIdentifier>{e6bd0aa2-8271-4849-a8e8-c4adc76199c3}</UniqueIdentifier>
    </Filter>
    <Filter Include="Modules\Gamefilter">
      <UniqueIdentifier>{42a52f02-51a7-4798-9231-2652f9a240ae}</UniqueIdentifier>
    </Filter>
    <Filter Include="Modules\Item">
      <UniqueIdentifier>{21bde5f5-f46c-4d10-b1b6-49f70d2f5aa9}</UniqueIdentifier>
    </Filter>
    <Filter Include="Modules\ItemMover">
      <UniqueIdentifier>{ceabcaea-706d-4163-9b6d-11ecd0e570d7}</UniqueIdentifier>
    </Filter>
    <Filter Include="Modules\Maphack">
      <UniqueIdentifier>{efca6e36-791a-4d99-8efc-6cbf379df5ee}</UniqueIdentifier>
    </Filter>
    <Filter Include="Modules\Party">
      <UniqueIdentifier>{543784e4-9e40-4152-890a-8cef004a3242}</UniqueIdentifier>
    </Filter>
    <Filter Include="Modules\ScreenInfo">
      <UniqueIdentifier>{5ae1fab4-8610-4a0b-afb7-718f688b7f4f}</UniqueIdentifier>
    </Filter>
    <Filter Include="Modules\StashExport">
      <UniqueIdentifier>{2c78bc4d-53ab-462e-a48b-abd1f47e9ff0}</UniqueIdentifier>
    </Filter>
    <Filter Include="Modules\RoomInfo">
      <UniqueIdentifier>{fce9071c-978b-4527-8b33-43908673c610}</UniqueIdentifier>
    </Filter>
  </ItemGroup>
</Project>